<?xml version="1.0" encoding="UTF-8" standalone="yes" ?>
<CodeBlocks_project_file>
   <FileVersion major="1" minor="6" />
   <Project>
      <Option title="RoVi1PluginPA10" />
      <Option makefile_is_custom="1" />
      <Option compiler="gcc" />
      <Option virtualFolders="CMake Files\;CMake Files\..\;CMake Files\..\..\;CMake Files\..\..\..\;CMake Files\..\..\..\..\;CMake Files\..\..\..\..\RobWork\;CMake Files\..\..\..\..\RobWork\RobWork\;CMake Files\..\..\..\..\RobWork\RobWork\cmake\;CMake Files\..\..\..\..\RobWork\RobWorkStudio\;CMake Files\..\..\..\..\RobWork\RobWorkStudio\cmake\;CMake Files\..\..\..\..\..\;CMake Files\..\..\..\..\..\..\;CMake Files\..\..\..\..\..\..\usr\;CMake Files\..\..\..\..\..\..\usr\lib\;CMake Files\..\..\..\..\..\..\usr\lib\x86_64-linux-gnu\;CMake Files\..\..\..\..\..\..\usr\lib\x86_64-linux-gnu\cmake\;CMake Files\..\..\..\..\..\..\usr\lib\x86_64-linux-gnu\cmake\Qt5Core\;CMake Files\..\..\..\..\..\..\usr\lib\x86_64-linux-gnu\cmake\Qt5Gui\;CMake Files\..\..\..\..\..\..\usr\lib\x86_64-linux-gnu\cmake\Qt5Widgets\;CMake Files\..\..\..\..\..\..\usr\lib\x86_64-linux-gnu\cmake\Qt5OpenGL\;CMake Files\..\..\..\..\..\..\opt\;CMake Files\..\..\..\..\..\..\opt\ros\;CMake Files\..\..\..\..\..\..\opt\ros\kinetic\;CMake Files\..\..\..\..\..\..\opt\ros\kinetic\share\;CMake Files\..\..\..\..\..\..\opt\ros\kinetic\share\OpenCV-3.2.0-dev\;CMake Files\src\;" />
      <Build>
      <Target title="all">
         <Option working_dir="/home/student/workspace/RoVi1-Final-Project/RWStudio_plug-ins/SamplePluginPA10-build" />
         <Option type="4" />
         <MakeCommands>
            <Build command="/usr/bin/make -f &quot;/home/student/workspace/RoVi1-Final-Project/RWStudio_plug-ins/SamplePluginPA10-build/Makefile&quot;  VERBOSE=1 all" />
            <CompileFile command="/usr/bin/make -f &quot;/home/student/workspace/RoVi1-Final-Project/RWStudio_plug-ins/SamplePluginPA10-build/Makefile&quot;  VERBOSE=1 &quot;$file&quot;" />
            <Clean command="/usr/bin/make -f &quot;/home/student/workspace/RoVi1-Final-Project/RWStudio_plug-ins/SamplePluginPA10-build/Makefile&quot;  VERBOSE=1 clean" />
            <DistClean command="/usr/bin/make -f &quot;/home/student/workspace/RoVi1-Final-Project/RWStudio_plug-ins/SamplePluginPA10-build/Makefile&quot;  VERBOSE=1 clean" />
         </MakeCommands>
      </Target>
      <Target title="edit_cache">
         <Option working_dir="/home/student/workspace/RoVi1-Final-Project/RWStudio_plug-ins/SamplePluginPA10-build" />
         <Option type="4" />
         <MakeCommands>
            <Build command="/usr/bin/make -f &quot;/home/student/workspace/RoVi1-Final-Project/RWStudio_plug-ins/SamplePluginPA10-build/Makefile&quot;  VERBOSE=1 edit_cache" />
            <CompileFile command="/usr/bin/make -f &quot;/home/student/workspace/RoVi1-Final-Project/RWStudio_plug-ins/SamplePluginPA10-build/Makefile&quot;  VERBOSE=1 &quot;$file&quot;" />
            <Clean command="/usr/bin/make -f &quot;/home/student/workspace/RoVi1-Final-Project/RWStudio_plug-ins/SamplePluginPA10-build/Makefile&quot;  VERBOSE=1 clean" />
            <DistClean command="/usr/bin/make -f &quot;/home/student/workspace/RoVi1-Final-Project/RWStudio_plug-ins/SamplePluginPA10-build/Makefile&quot;  VERBOSE=1 clean" />
         </MakeCommands>
      </Target>
      <Target title="rebuild_cache">
         <Option working_dir="/home/student/workspace/RoVi1-Final-Project/RWStudio_plug-ins/SamplePluginPA10-build" />
         <Option type="4" />
         <MakeCommands>
            <Build command="/usr/bin/make -f &quot;/home/student/workspace/RoVi1-Final-Project/RWStudio_plug-ins/SamplePluginPA10-build/Makefile&quot;  VERBOSE=1 rebuild_cache" />
            <CompileFile command="/usr/bin/make -f &quot;/home/student/workspace/RoVi1-Final-Project/RWStudio_plug-ins/SamplePluginPA10-build/Makefile&quot;  VERBOSE=1 &quot;$file&quot;" />
            <Clean command="/usr/bin/make -f &quot;/home/student/workspace/RoVi1-Final-Project/RWStudio_plug-ins/SamplePluginPA10-build/Makefile&quot;  VERBOSE=1 clean" />
            <DistClean command="/usr/bin/make -f &quot;/home/student/workspace/RoVi1-Final-Project/RWStudio_plug-ins/SamplePluginPA10-build/Makefile&quot;  VERBOSE=1 clean" />
         </MakeCommands>
      </Target>
      <Target title="RoVi1PluginPA10">
         <Option output="/home/student/workspace/RoVi1-Final-Project/RWStudio_plug-ins/SamplePluginPA10/libs/Release/libRoVi1PluginPA10.so" prefix_auto="0" extension_auto="0" />
         <Option working_dir="/home/student/workspace/RoVi1-Final-Project/RWStudio_plug-ins/SamplePluginPA10-build" />
         <Option object_output="./" />
         <Option type="3" />
         <Option compiler="gcc" />
         <Compiler>
            <Add option="-DBOOST_DISABLE_ASSERTS" />
            <Add option="-DQT_NO_DEBUG" />
            <Add option="-DQT_CORE_LIB" />
            <Add option="-DQT_GUI_LIB" />
            <Add option="-DQT_WIDGETS_LIB" />
            <Add option="-DQT_OPENGL_LIB" />
            <Add directory="/home/student/RobWork/RobWork/cmake/../ext/assimp/include" />
            <Add directory="/home/student/RobWork/RobWork/cmake/../ext/boostbindings" />
            <Add directory="/home/student/RobWork/RobWork/cmake/../ext/csgjs/src" />
            <Add directory="/home/student/RobWork/RobWork/cmake/../ext/lua/src" />
            <Add directory="/home/student/RobWork/RobWork/cmake/../ext/qhull/src" />
            <Add directory="/home/student/RobWork/RobWork/cmake/../ext/rwpqp" />
            <Add directory="/home/student/RobWork/RobWork/cmake/../ext/rwyaobi" />
            <Add directory="/home/student/RobWork/RobWork/cmake/../ext/unzip" />
            <Add directory="/home/student/RobWork/RobWork/cmake/../src" />
            <Add directory="/home/student/RobWork/RobWorkStudio/cmake/../ext/qtpropertybrowser/src" />
            <Add directory="/home/student/RobWork/RobWorkStudio/cmake/../src" />
            <Add directory="/home/student/workspace/RoVi1-Final-Project/RWStudio_plug-ins/SamplePluginPA10-build" />
            <Add directory="/opt/ros/kinetic/include/opencv-3.2.0-dev" />
            <Add directory="/opt/ros/kinetic/include/opencv-3.2.0-dev/opencv" />
            <Add directory="/usr/include" />
            <Add directory="/usr/include/c++/5" />
            <Add directory="/usr/include/c++/5/backward" />
            <Add directory="/usr/include/x86_64-linux-gnu" />
            <Add directory="/usr/include/x86_64-linux-gnu/c++/5" />
            <Add directory="/usr/include/x86_64-linux-gnu/qt5" />
            <Add directory="/usr/include/x86_64-linux-gnu/qt5/QtCore" />
            <Add directory="/usr/include/x86_64-linux-gnu/qt5/QtGui" />
            <Add directory="/usr/include/x86_64-linux-gnu/qt5/QtOpenGL" />
            <Add directory="/usr/include/x86_64-linux-gnu/qt5/QtWidgets" />
            <Add directory="/usr/lib/gcc/x86_64-linux-gnu/5/include" />
            <Add directory="/usr/lib/gcc/x86_64-linux-gnu/5/include-fixed" />
            <Add directory="/usr/lib/x86_64-linux-gnu/qt5/mkspecs/linux-g++-64" />
            <Add directory="/usr/local/include" />
            <Add directory="/usr/local/include/eigen3" />
         </Compiler>
         <MakeCommands>
            <Build command="/usr/bin/make -f &quot;/home/student/workspace/RoVi1-Final-Project/RWStudio_plug-ins/SamplePluginPA10-build/Makefile&quot;  VERBOSE=1 RoVi1PluginPA10" />
            <CompileFile command="/usr/bin/make -f &quot;/home/student/workspace/RoVi1-Final-Project/RWStudio_plug-ins/SamplePluginPA10-build/Makefile&quot;  VERBOSE=1 &quot;$file&quot;" />
            <Clean command="/usr/bin/make -f &quot;/home/student/workspace/RoVi1-Final-Project/RWStudio_plug-ins/SamplePluginPA10-build/Makefile&quot;  VERBOSE=1 clean" />
            <DistClean command="/usr/bin/make -f &quot;/home/student/workspace/RoVi1-Final-Project/RWStudio_plug-ins/SamplePluginPA10-build/Makefile&quot;  VERBOSE=1 clean" />
         </MakeCommands>
      </Target>
      <Target title="RoVi1PluginPA10/fast">
         <Option output="/home/student/workspace/RoVi1-Final-Project/RWStudio_plug-ins/SamplePluginPA10/libs/Release/libRoVi1PluginPA10.so" prefix_auto="0" extension_auto="0" />
         <Option working_dir="/home/student/workspace/RoVi1-Final-Project/RWStudio_plug-ins/SamplePluginPA10-build" />
         <Option object_output="./" />
         <Option type="3" />
         <Option compiler="gcc" />
         <Compiler>
            <Add option="-DBOOST_DISABLE_ASSERTS" />
            <Add option="-DQT_NO_DEBUG" />
            <Add option="-DQT_CORE_LIB" />
            <Add option="-DQT_GUI_LIB" />
            <Add option="-DQT_WIDGETS_LIB" />
            <Add option="-DQT_OPENGL_LIB" />
            <Add directory="/home/student/RobWork/RobWork/cmake/../ext/assimp/include" />
            <Add directory="/home/student/RobWork/RobWork/cmake/../ext/boostbindings" />
            <Add directory="/home/student/RobWork/RobWork/cmake/../ext/csgjs/src" />
            <Add directory="/home/student/RobWork/RobWork/cmake/../ext/lua/src" />
            <Add directory="/home/student/RobWork/RobWork/cmake/../ext/qhull/src" />
            <Add directory="/home/student/RobWork/RobWork/cmake/../ext/rwpqp" />
            <Add directory="/home/student/RobWork/RobWork/cmake/../ext/rwyaobi" />
            <Add directory="/home/student/RobWork/RobWork/cmake/../ext/unzip" />
            <Add directory="/home/student/RobWork/RobWork/cmake/../src" />
            <Add directory="/home/student/RobWork/RobWorkStudio/cmake/../ext/qtpropertybrowser/src" />
            <Add directory="/home/student/RobWork/RobWorkStudio/cmake/../src" />
            <Add directory="/home/student/workspace/RoVi1-Final-Project/RWStudio_plug-ins/SamplePluginPA10-build" />
            <Add directory="/opt/ros/kinetic/include/opencv-3.2.0-dev" />
            <Add directory="/opt/ros/kinetic/include/opencv-3.2.0-dev/opencv" />
            <Add directory="/usr/include" />
            <Add directory="/usr/include/c++/5" />
            <Add directory="/usr/include/c++/5/backward" />
            <Add directory="/usr/include/x86_64-linux-gnu" />
            <Add directory="/usr/include/x86_64-linux-gnu/c++/5" />
            <Add directory="/usr/include/x86_64-linux-gnu/qt5" />
            <Add directory="/usr/include/x86_64-linux-gnu/qt5/QtCore" />
            <Add directory="/usr/include/x86_64-linux-gnu/qt5/QtGui" />
            <Add directory="/usr/include/x86_64-linux-gnu/qt5/QtOpenGL" />
            <Add directory="/usr/include/x86_64-linux-gnu/qt5/QtWidgets" />
            <Add directory="/usr/lib/gcc/x86_64-linux-gnu/5/include" />
            <Add directory="/usr/lib/gcc/x86_64-linux-gnu/5/include-fixed" />
            <Add directory="/usr/lib/x86_64-linux-gnu/qt5/mkspecs/linux-g++-64" />
            <Add directory="/usr/local/include" />
            <Add directory="/usr/local/include/eigen3" />
         </Compiler>
         <MakeCommands>
            <Build command="/usr/bin/make -f &quot;/home/student/workspace/RoVi1-Final-Project/RWStudio_plug-ins/SamplePluginPA10-build/Makefile&quot;  VERBOSE=1 RoVi1PluginPA10/fast" />
            <CompileFile command="/usr/bin/make -f &quot;/home/student/workspace/RoVi1-Final-Project/RWStudio_plug-ins/SamplePluginPA10-build/Makefile&quot;  VERBOSE=1 &quot;$file&quot;" />
            <Clean command="/usr/bin/make -f &quot;/home/student/workspace/RoVi1-Final-Project/RWStudio_plug-ins/SamplePluginPA10-build/Makefile&quot;  VERBOSE=1 clean" />
            <DistClean command="/usr/bin/make -f &quot;/home/student/workspace/RoVi1-Final-Project/RWStudio_plug-ins/SamplePluginPA10-build/Makefile&quot;  VERBOSE=1 clean" />
         </MakeCommands>
      </Target>
      </Build>
      <Unit filename="/home/student/workspace/RoVi1-Final-Project/RWStudio_plug-ins/SamplePluginPA10/src/SamplePlugin.cpp">
         <Option target="RoVi1PluginPA10"/>
      </Unit>
      <Unit filename="/home/student/workspace/RoVi1-Final-Project/RWStudio_plug-ins/SamplePluginPA10/src/SamplePlugin.hpp">
         <Option target="RoVi1PluginPA10"/>
      </Unit>
      <Unit filename="/home/student/workspace/RoVi1-Final-Project/RWStudio_plug-ins/SamplePluginPA10/src/SamplePlugin.ui">
         <Option target="RoVi1PluginPA10"/>
      </Unit>
      <Unit filename="/home/student/workspace/RoVi1-Final-Project/RWStudio_plug-ins/SamplePluginPA10/src/resources.qrc">
         <Option target="RoVi1PluginPA10"/>
      </Unit>
      <Unit filename="/home/student/workspace/RoVi1-Final-Project/RWStudio_plug-ins/SamplePluginPA10/CMakeLists.txt">
          <Option virtualFolder="CMake Files\" />
      </Unit>
      <Unit filename="/home/student/workspace/RoVi1-Final-Project/RWStudio_plug-ins/SamplePluginPA10/../../../../RobWork/RobWork/cmake/RobWorkConfigVersion.cmake">
          <Option virtualFolder="CMake Files\..\..\..\..\RobWork\RobWork\cmake\" />
      </Unit>
      <Unit filename="/home/student/workspace/RoVi1-Final-Project/RWStudio_plug-ins/SamplePluginPA10/../../../../RobWork/RobWork/cmake/RobWorkConfig.cmake">
          <Option virtualFolder="CMake Files\..\..\..\..\RobWork\RobWork\cmake\" />
      </Unit>
      <Unit filename="/home/student/workspace/RoVi1-Final-Project/RWStudio_plug-ins/SamplePluginPA10/../../../../RobWork/RobWork/cmake/RobWorkBuildConfig_release.cmake">
          <Option virtualFolder="CMake Files\..\..\..\..\RobWork\RobWork\cmake\" />
      </Unit>
      <Unit filename="/home/student/workspace/RoVi1-Final-Project/RWStudio_plug-ins/SamplePluginPA10/../../../../RobWork/RobWorkStudio/cmake/RobWorkStudioConfigVersion.cmake">
          <Option virtualFolder="CMake Files\..\..\..\..\RobWork\RobWorkStudio\cmake\" />
      </Unit>
      <Unit filename="/home/student/workspace/RoVi1-Final-Project/RWStudio_plug-ins/SamplePluginPA10/../../../../RobWork/RobWorkStudio/cmake/RobWorkStudioConfig.cmake">
          <Option virtualFolder="CMake Files\..\..\..\..\RobWork\RobWorkStudio\cmake\" />
      </Unit>
      <Unit filename="/home/student/workspace/RoVi1-Final-Project/RWStudio_plug-ins/SamplePluginPA10/../../../../RobWork/RobWorkStudio/cmake/RobWorkStudioMacros.cmake">
          <Option virtualFolder="CMake Files\..\..\..\..\RobWork\RobWorkStudio\cmake\" />
      </Unit>
      <Unit filename="/home/student/workspace/RoVi1-Final-Project/RWStudio_plug-ins/SamplePluginPA10/../../../../RobWork/RobWorkStudio/cmake/RobWorkStudioBuildConfig_release.cmake">
          <Option virtualFolder="CMake Files\..\..\..\..\RobWork\RobWorkStudio\cmake\" />
      </Unit>
      <Unit filename="/home/student/workspace/RoVi1-Final-Project/RWStudio_plug-ins/SamplePluginPA10/../../../../../../usr/lib/x86_64-linux-gnu/cmake/Qt5Core/Qt5CoreConfigVersion.cmake">
          <Option virtualFolder="CMake Files\..\..\..\..\..\..\usr\lib\x86_64-linux-gnu\cmake\Qt5Core\" />
      </Unit>
      <Unit filename="/home/student/workspace/RoVi1-Final-Project/RWStudio_plug-ins/SamplePluginPA10/../../../../../../usr/lib/x86_64-linux-gnu/cmake/Qt5Core/Qt5CoreConfig.cmake">
          <Option virtualFolder="CMake Files\..\..\..\..\..\..\usr\lib\x86_64-linux-gnu\cmake\Qt5Core\" />
      </Unit>
      <Unit filename="/home/student/workspace/RoVi1-Final-Project/RWStudio_plug-ins/SamplePluginPA10/../../../../../../usr/lib/x86_64-linux-gnu/cmake/Qt5Core/Qt5CoreConfigExtras.cmake">
          <Option virtualFolder="CMake Files\..\..\..\..\..\..\usr\lib\x86_64-linux-gnu\cmake\Qt5Core\" />
      </Unit>
      <Unit filename="/home/student/workspace/RoVi1-Final-Project/RWStudio_plug-ins/SamplePluginPA10/../../../../../../usr/lib/x86_64-linux-gnu/cmake/Qt5Core/Qt5CoreConfigExtrasMkspecDir.cmake">
          <Option virtualFolder="CMake Files\..\..\..\..\..\..\usr\lib\x86_64-linux-gnu\cmake\Qt5Core\" />
      </Unit>
      <Unit filename="/home/student/workspace/RoVi1-Final-Project/RWStudio_plug-ins/SamplePluginPA10/../../../../../../usr/lib/x86_64-linux-gnu/cmake/Qt5Core/Qt5CoreMacros.cmake">
          <Option virtualFolder="CMake Files\..\..\..\..\..\..\usr\lib\x86_64-linux-gnu\cmake\Qt5Core\" />
      </Unit>
      <Unit filename="/home/student/workspace/RoVi1-Final-Project/RWStudio_plug-ins/SamplePluginPA10/../../../../../../usr/lib/x86_64-linux-gnu/cmake/Qt5Gui/Qt5GuiConfigVersion.cmake">
          <Option virtualFolder="CMake Files\..\..\..\..\..\..\usr\lib\x86_64-linux-gnu\cmake\Qt5Gui\" />
      </Unit>
      <Unit filename="/home/student/workspace/RoVi1-Final-Project/RWStudio_plug-ins/SamplePluginPA10/../../../../../../usr/lib/x86_64-linux-gnu/cmake/Qt5Gui/Qt5GuiConfig.cmake">
          <Option virtualFolder="CMake Files\..\..\..\..\..\..\usr\lib\x86_64-linux-gnu\cmake\Qt5Gui\" />
      </Unit>
      <Unit filename="/home/student/workspace/RoVi1-Final-Project/RWStudio_plug-ins/SamplePluginPA10/../../../../../../usr/lib/x86_64-linux-gnu/cmake/Qt5Gui/Qt5GuiConfigExtras.cmake">
          <Option virtualFolder="CMake Files\..\..\..\..\..\..\usr\lib\x86_64-linux-gnu\cmake\Qt5Gui\" />
      </Unit>
      <Unit filename="/home/student/workspace/RoVi1-Final-Project/RWStudio_plug-ins/SamplePluginPA10/../../../../../../usr/lib/x86_64-linux-gnu/cmake/Qt5Widgets/Qt5WidgetsConfigVersion.cmake">
          <Option virtualFolder="CMake Files\..\..\..\..\..\..\usr\lib\x86_64-linux-gnu\cmake\Qt5Widgets\" />
      </Unit>
      <Unit filename="/home/student/workspace/RoVi1-Final-Project/RWStudio_plug-ins/SamplePluginPA10/../../../../../../usr/lib/x86_64-linux-gnu/cmake/Qt5Widgets/Qt5WidgetsConfig.cmake">
          <Option virtualFolder="CMake Files\..\..\..\..\..\..\usr\lib\x86_64-linux-gnu\cmake\Qt5Widgets\" />
      </Unit>
      <Unit filename="/home/student/workspace/RoVi1-Final-Project/RWStudio_plug-ins/SamplePluginPA10/../../../../../../usr/lib/x86_64-linux-gnu/cmake/Qt5Widgets/Qt5WidgetsConfigExtras.cmake">
          <Option virtualFolder="CMake Files\..\..\..\..\..\..\usr\lib\x86_64-linux-gnu\cmake\Qt5Widgets\" />
      </Unit>
      <Unit filename="/home/student/workspace/RoVi1-Final-Project/RWStudio_plug-ins/SamplePluginPA10/../../../../../../usr/lib/x86_64-linux-gnu/cmake/Qt5Widgets/Qt5WidgetsMacros.cmake">
          <Option virtualFolder="CMake Files\..\..\..\..\..\..\usr\lib\x86_64-linux-gnu\cmake\Qt5Widgets\" />
      </Unit>
      <Unit filename="/home/student/workspace/RoVi1-Final-Project/RWStudio_plug-ins/SamplePluginPA10/../../../../../../usr/lib/x86_64-linux-gnu/cmake/Qt5OpenGL/Qt5OpenGLConfigVersion.cmake">
          <Option virtualFolder="CMake Files\..\..\..\..\..\..\usr\lib\x86_64-linux-gnu\cmake\Qt5OpenGL\" />
      </Unit>
      <Unit filename="/home/student/workspace/RoVi1-Final-Project/RWStudio_plug-ins/SamplePluginPA10/../../../../../../usr/lib/x86_64-linux-gnu/cmake/Qt5OpenGL/Qt5OpenGLConfig.cmake">
          <Option virtualFolder="CMake Files\..\..\..\..\..\..\usr\lib\x86_64-linux-gnu\cmake\Qt5OpenGL\" />
      </Unit>
      <Unit filename="/home/student/workspace/RoVi1-Final-Project/RWStudio_plug-ins/SamplePluginPA10/../../../../../../opt/ros/kinetic/share/OpenCV-3.2.0-dev/OpenCVConfig-version.cmake">
          <Option virtualFolder="CMake Files\..\..\..\..\..\..\opt\ros\kinetic\share\OpenCV-3.2.0-dev\" />
      </Unit>
      <Unit filename="/home/student/workspace/RoVi1-Final-Project/RWStudio_plug-ins/SamplePluginPA10/../../../../../../opt/ros/kinetic/share/OpenCV-3.2.0-dev/OpenCVConfig.cmake">
          <Option virtualFolder="CMake Files\..\..\..\..\..\..\opt\ros\kinetic\share\OpenCV-3.2.0-dev\" />
      </Unit>
      <Unit filename="/home/student/workspace/RoVi1-Final-Project/RWStudio_plug-ins/SamplePluginPA10/../../../../../../opt/ros/kinetic/share/OpenCV-3.2.0-dev/OpenCVModules.cmake">
          <Option virtualFolder="CMake Files\..\..\..\..\..\..\opt\ros\kinetic\share\OpenCV-3.2.0-dev\" />
      </Unit>
      <Unit filename="/home/student/workspace/RoVi1-Final-Project/RWStudio_plug-ins/SamplePluginPA10/../../../../../../opt/ros/kinetic/share/OpenCV-3.2.0-dev/OpenCVModules-none.cmake">
          <Option virtualFolder="CMake Files\..\..\..\..\..\..\opt\ros\kinetic\share\OpenCV-3.2.0-dev\" />
      </Unit>
      <Unit filename="/home/student/workspace/RoVi1-Final-Project/RWStudio_plug-ins/SamplePluginPA10/src/resources.qrc">
          <Option virtualFolder="CMake Files\src\" />
      </Unit>
   </Project>
</CodeBlocks_project_file>
